
Microsoft Visual Studio Solution File, Format Version 12.00
# Visual Studio Version 17
VisualStudioVersion = 17.8.34525.116
MinimumVisualStudioVersion = 10.0.40219.1
Project("{FAE04EC0-301F-11D3-BF4B-00C04F79EFBC}") = "WeatherMeApp", "WeatherMeApp\WeatherMeApp.csproj", "{814B8357-42B8-417D-86AC-820FFF35E284}"
EndProject
Global
	GlobalSection(SolutionConfigurationPlatforms) = preSolution
		Debug|Any CPU = Debug|Any CPU
		Release|Any CPU = Release|Any CPU
	EndGlobalSection
	GlobalSection(ProjectConfigurationPlatforms) = postSolution
		{814B8357-42B8-417D-86AC-820FFF35E284}.Debug|Any CPU.ActiveCfg = Debug|Any CPU
		{814B8357-42B8-417D-86AC-820FFF35E284}.Debug|Any CPU.Build.0 = Debug|Any CPU
		{814B8357-42B8-417D-86AC-820FFF35E284}.Release|Any CPU.ActiveCfg = Release|Any CPU
		{814B8357-42B8-417D-86AC-820FFF35E284}.Release|Any CPU.Build.0 = Release|Any CPU
	EndGlobalSection
	GlobalSection(SolutionProperties) = preSolution
		HideSolutionNode = FALSE
	EndGlobalSection
	GlobalSection(ExtensibilityGlobals) = postSolution
		SolutionGuid = {C4E4280E-28EC-41A5-9891-3171F575B6B1}
	EndGlobalSection
EndGlobal
